
Microsoft Visual Studio Solution File, Format Version 12.00
# Visual Studio Version 17
VisualStudioVersion = 17.7.34009.444
MinimumVisualStudioVersion = 10.0.40219.1
Project("{8BC9CEB8-8B4A-11D0-8D11-00A0C91BC942}") = "vezba01_zad01", "vezba01_zad01\vezba01_zad01.vcxproj", "{9A1FF128-1437-449B-AB7F-A1D203AAF3E2}"
EndProject
Project("{8BC9CEB8-8B4A-11D0-8D11-00A0C91BC942}") = "vezba01_zad02", "vezba02_zad02\vezba02_zad02.vcxproj", "{4DCD5F4C-091D-4EEB-A730-7D9380C257DE}"
EndProject
Project("{8BC9CEB8-8B4A-11D0-8D11-00A0C91BC942}") = "vezba01_zad03", "vezba01_zad03\vezba01_zad03.vcxproj", "{BA5BAE5B-F87A-404F-B25A-489A36A9F363}"
EndProject
Project("{8BC9CEB8-8B4A-11D0-8D11-00A0C91BC942}") = "vezba01_zad05", "vezba01_zad05\vezba01_zad05.vcxproj", "{801ECD53-0C73-4CAC-BB23-9FD54707D732}"
EndProject
Project("{8BC9CEB8-8B4A-11D0-8D11-00A0C91BC942}") = "vezba01_zad06", "vezba01_zad06\vezba01_zad06.vcxproj", "{B5E382D8-26BE-4F79-9168-BED62160A391}"
EndProject
Project("{8BC9CEB8-8B4A-11D0-8D11-00A0C91BC942}") = "vezba02_zad01", "vezba02_zad01\vezba02_zad01.vcxproj", "{AE12EAAB-F2B3-45BB-A7AB-4246BB858772}"
EndProject
Project("{8BC9CEB8-8B4A-11D0-8D11-00A0C91BC942}") = "vezba02_zad02", "vezbe02_zad02\vezbe02_zad02.vcxproj", "{C0159409-6423-4C73-85FC-741C9E5E2399}"
EndProject
Project("{8BC9CEB8-8B4A-11D0-8D11-00A0C91BC942}") = "vezba02_zad03", "vezba02_zad03\vezba02_zad03.vcxproj", "{4F5916A1-D0A6-4BB1-A915-C9B25D82FDF6}"
EndProject
Project("{8BC9CEB8-8B4A-11D0-8D11-00A0C91BC942}") = "vezba02_zad04", "vezba02_zad04\vezba02_zad04.vcxproj", "{782A8E08-755A-442E-B399-942E22919E18}"
EndProject
Project("{8BC9CEB8-8B4A-11D0-8D11-00A0C91BC942}") = "vezba03_zad01", "vezba03_zad01\vezba03_zad01.vcxproj", "{5973BC8B-1424-4A36-A53D-2B82D1C542D9}"
EndProject
Project("{8BC9CEB8-8B4A-11D0-8D11-00A0C91BC942}") = "vezba03_zad02", "vezba03_zad02\vezba03_zad02.vcxproj", "{EC120AE1-543F-4D0D-A19C-2ED1A5A0FC00}"
EndProject
Project("{8BC9CEB8-8B4A-11D0-8D11-00A0C91BC942}") = "vezba03_zad03", "vezbe03_zad03\vezbe03_zad03.vcxproj", "{F24400A5-2579-41B9-A76F-E4AD8029351C}"
EndProject
Project("{8BC9CEB8-8B4A-11D0-8D11-00A0C91BC942}") = "vezba03_zad04", "vezba03_zad04\vezba03_zad04.vcxproj", "{0891F6A6-6BFA-455B-8D0C-87E6BBFC72C6}"
EndProject
Project("{8BC9CEB8-8B4A-11D0-8D11-00A0C91BC942}") = "vezba04_zad01", "vezba04_zad01\vezba04_zad01.vcxproj", "{F4C62D1D-8060-4BB0-AE9D-5E98EFFA5023}"
EndProject
Project("{8BC9CEB8-8B4A-11D0-8D11-00A0C91BC942}") = "vezba04_zad02", "vezba04_zad02\vezba04_zad02.vcxproj", "{DEC7F1E2-8558-4B60-B918-F7E9839B368C}"
EndProject
Project("{8BC9CEB8-8B4A-11D0-8D11-00A0C91BC942}") = "vezba04_zad03", "vezba04_zad03\vezba04_zad03.vcxproj", "{9760306F-CEF1-4876-8A6B-EAFF5C3576E6}"
EndProject
Project("{8BC9CEB8-8B4A-11D0-8D11-00A0C91BC942}") = "vezba05_zad01", "vezba05_zad01\vezba05_zad01.vcxproj", "{4E775A28-2D70-47E8-88C9-D25396860E4F}"
EndProject
Project("{8BC9CEB8-8B4A-11D0-8D11-00A0C91BC942}") = "vezba05_zad02", "vezba05_zad02\vezba05_zad02.vcxproj", "{B8427420-640E-4D0F-A821-178D0BF9A432}"
EndProject
Project("{8BC9CEB8-8B4A-11D0-8D11-00A0C91BC942}") = "vezba05_zad03", "vezba_05zad_03\vezba_05zad_03.vcxproj", "{53C0308C-8FCF-4891-ACE2-72E44A2C41BA}"
EndProject
Project("{8BC9CEB8-8B4A-11D0-8D11-00A0C91BC942}") = "vezba06", "vezba06\vezba06.vcxproj", "{845C8463-F2B7-4E1C-AE6A-35113F81EDFD}"
EndProject
Global
	GlobalSection(SolutionConfigurationPlatforms) = preSolution
		Debug|x64 = Debug|x64
		Debug|x86 = Debug|x86
		Release|x64 = Release|x64
		Release|x86 = Release|x86
	EndGlobalSection
	GlobalSection(ProjectConfigurationPlatforms) = postSolution
		{9A1FF128-1437-449B-AB7F-A1D203AAF3E2}.Debug|x64.ActiveCfg = Debug|x64
		{9A1FF128-1437-449B-AB7F-A1D203AAF3E2}.Debug|x64.Build.0 = Debug|x64
		{9A1FF128-1437-449B-AB7F-A1D203AAF3E2}.Debug|x86.ActiveCfg = Debug|Win32
		{9A1FF128-1437-449B-AB7F-A1D203AAF3E2}.Debug|x86.Build.0 = Debug|Win32
		{9A1FF128-1437-449B-AB7F-A1D203AAF3E2}.Release|x64.ActiveCfg = Release|x64
		{9A1FF128-1437-449B-AB7F-A1D203AAF3E2}.Release|x64.Build.0 = Release|x64
		{9A1FF128-1437-449B-AB7F-A1D203AAF3E2}.Release|x86.ActiveCfg = Release|Win32
		{9A1FF128-1437-449B-AB7F-A1D203AAF3E2}.Release|x86.Build.0 = Release|Win32
		{4DCD5F4C-091D-4EEB-A730-7D9380C257DE}.Debug|x64.ActiveCfg = Debug|x64
		{4DCD5F4C-091D-4EEB-A730-7D9380C257DE}.Debug|x64.Build.0 = Debug|x64
		{4DCD5F4C-091D-4EEB-A730-7D9380C257DE}.Debug|x86.ActiveCfg = Debug|Win32
		{4DCD5F4C-091D-4EEB-A730-7D9380C257DE}.Debug|x86.Build.0 = Debug|Win32
		{4DCD5F4C-091D-4EEB-A730-7D9380C257DE}.Release|x64.ActiveCfg = Release|x64
		{4DCD5F4C-091D-4EEB-A730-7D9380C257DE}.Release|x64.Build.0 = Release|x64
		{4DCD5F4C-091D-4EEB-A730-7D9380C257DE}.Release|x86.ActiveCfg = Release|Win32
		{4DCD5F4C-091D-4EEB-A730-7D9380C257DE}.Release|x86.Build.0 = Release|Win32
		{BA5BAE5B-F87A-404F-B25A-489A36A9F363}.Debug|x64.ActiveCfg = Debug|x64
		{BA5BAE5B-F87A-404F-B25A-489A36A9F363}.Debug|x64.Build.0 = Debug|x64
		{BA5BAE5B-F87A-404F-B25A-489A36A9F363}.Debug|x86.ActiveCfg = Debug|Win32
		{BA5BAE5B-F87A-404F-B25A-489A36A9F363}.Debug|x86.Build.0 = Debug|Win32
		{BA5BAE5B-F87A-404F-B25A-489A36A9F363}.Release|x64.ActiveCfg = Release|x64
		{BA5BAE5B-F87A-404F-B25A-489A36A9F363}.Release|x64.Build.0 = Release|x64
		{BA5BAE5B-F87A-404F-B25A-489A36A9F363}.Release|x86.ActiveCfg = Release|Win32
		{BA5BAE5B-F87A-404F-B25A-489A36A9F363}.Release|x86.Build.0 = Release|Win32
		{801ECD53-0C73-4CAC-BB23-9FD54707D732}.Debug|x64.ActiveCfg = Debug|x64
		{801ECD53-0C73-4CAC-BB23-9FD54707D732}.Debug|x64.Build.0 = Debug|x64
		{801ECD53-0C73-4CAC-BB23-9FD54707D732}.Debug|x86.ActiveCfg = Debug|Win32
		{801ECD53-0C73-4CAC-BB23-9FD54707D732}.Debug|x86.Build.0 = Debug|Win32
		{801ECD53-0C73-4CAC-BB23-9FD54707D732}.Release|x64.ActiveCfg = Release|x64
		{801ECD53-0C73-4CAC-BB23-9FD54707D732}.Release|x64.Build.0 = Release|x64
		{801ECD53-0C73-4CAC-BB23-9FD54707D732}.Release|x86.ActiveCfg = Release|Win32
		{801ECD53-0C73-4CAC-BB23-9FD54707D732}.Release|x86.Build.0 = Release|Win32
		{B5E382D8-26BE-4F79-9168-BED62160A391}.Debug|x64.ActiveCfg = Debug|x64
		{B5E382D8-26BE-4F79-9168-BED62160A391}.Debug|x64.Build.0 = Debug|x64
		{B5E382D8-26BE-4F79-9168-BED62160A391}.Debug|x86.ActiveCfg = Debug|Win32
		{B5E382D8-26BE-4F79-9168-BED62160A391}.Debug|x86.Build.0 = Debug|Win32
		{B5E382D8-26BE-4F79-9168-BED62160A391}.Release|x64.ActiveCfg = Release|x64
		{B5E382D8-26BE-4F79-9168-BED62160A391}.Release|x64.Build.0 = Release|x64
		{B5E382D8-26BE-4F79-9168-BED62160A391}.Release|x86.ActiveCfg = Release|Win32
		{B5E382D8-26BE-4F79-9168-BED62160A391}.Release|x86.Build.0 = Release|Win32
		{AE12EAAB-F2B3-45BB-A7AB-4246BB858772}.Debug|x64.ActiveCfg = Debug|x64
		{AE12EAAB-F2B3-45BB-A7AB-4246BB858772}.Debug|x64.Build.0 = Debug|x64
		{AE12EAAB-F2B3-45BB-A7AB-4246BB858772}.Debug|x86.ActiveCfg = Debug|Win32
		{AE12EAAB-F2B3-45BB-A7AB-4246BB858772}.Debug|x86.Build.0 = Debug|Win32
		{AE12EAAB-F2B3-45BB-A7AB-4246BB858772}.Release|x64.ActiveCfg = Release|x64
		{AE12EAAB-F2B3-45BB-A7AB-4246BB858772}.Release|x64.Build.0 = Release|x64
		{AE12EAAB-F2B3-45BB-A7AB-4246BB858772}.Release|x86.ActiveCfg = Release|Win32
		{AE12EAAB-F2B3-45BB-A7AB-4246BB858772}.Release|x86.Build.0 = Release|Win32
		{C0159409-6423-4C73-85FC-741C9E5E2399}.Debug|x64.ActiveCfg = Debug|x64
		{C0159409-6423-4C73-85FC-741C9E5E2399}.Debug|x64.Build.0 = Debug|x64
		{C0159409-6423-4C73-85FC-741C9E5E2399}.Debug|x86.ActiveCfg = Debug|Win32
		{C0159409-6423-4C73-85FC-741C9E5E2399}.Debug|x86.Build.0 = Debug|Win32
		{C0159409-6423-4C73-85FC-741C9E5E2399}.Release|x64.ActiveCfg = Release|x64
		{C0159409-6423-4C73-85FC-741C9E5E2399}.Release|x64.Build.0 = Release|x64
		{C0159409-6423-4C73-85FC-741C9E5E2399}.Release|x86.ActiveCfg = Release|Win32
		{C0159409-6423-4C73-85FC-741C9E5E2399}.Release|x86.Build.0 = Release|Win32
		{4F5916A1-D0A6-4BB1-A915-C9B25D82FDF6}.Debug|x64.ActiveCfg = Debug|x64
		{4F5916A1-D0A6-4BB1-A915-C9B25D82FDF6}.Debug|x64.Build.0 = Debug|x64
		{4F5916A1-D0A6-4BB1-A915-C9B25D82FDF6}.Debug|x86.ActiveCfg = Debug|Win32
		{4F5916A1-D0A6-4BB1-A915-C9B25D82FDF6}.Debug|x86.Build.0 = Debug|Win32
		{4F5916A1-D0A6-4BB1-A915-C9B25D82FDF6}.Release|x64.ActiveCfg = Release|x64
		{4F5916A1-D0A6-4BB1-A915-C9B25D82FDF6}.Release|x64.Build.0 = Release|x64
		{4F5916A1-D0A6-4BB1-A915-C9B25D82FDF6}.Release|x86.ActiveCfg = Release|Win32
		{4F5916A1-D0A6-4BB1-A915-C9B25D82FDF6}.Release|x86.Build.0 = Release|Win32
		{782A8E08-755A-442E-B399-942E22919E18}.Debug|x64.ActiveCfg = Debug|x64
		{782A8E08-755A-442E-B399-942E22919E18}.Debug|x64.Build.0 = Debug|x64
		{782A8E08-755A-442E-B399-942E22919E18}.Debug|x86.ActiveCfg = Debug|Win32
		{782A8E08-755A-442E-B399-942E22919E18}.Debug|x86.Build.0 = Debug|Win32
		{782A8E08-755A-442E-B399-942E22919E18}.Release|x64.ActiveCfg = Release|x64
		{782A8E08-755A-442E-B399-942E22919E18}.Release|x64.Build.0 = Release|x64
		{782A8E08-755A-442E-B399-942E22919E18}.Release|x86.ActiveCfg = Release|Win32
		{782A8E08-755A-442E-B399-942E22919E18}.Release|x86.Build.0 = Release|Win32
		{5973BC8B-1424-4A36-A53D-2B82D1C542D9}.Debug|x64.ActiveCfg = Debug|x64
		{5973BC8B-1424-4A36-A53D-2B82D1C542D9}.Debug|x64.Build.0 = Debug|x64
		{5973BC8B-1424-4A36-A53D-2B82D1C542D9}.Debug|x86.ActiveCfg = Debug|Win32
		{5973BC8B-1424-4A36-A53D-2B82D1C542D9}.Debug|x86.Build.0 = Debug|Win32
		{5973BC8B-1424-4A36-A53D-2B82D1C542D9}.Release|x64.ActiveCfg = Release|x64
		{5973BC8B-1424-4A36-A53D-2B82D1C542D9}.Release|x64.Build.0 = Release|x64
		{5973BC8B-1424-4A36-A53D-2B82D1C542D9}.Release|x86.ActiveCfg = Release|Win32
		{5973BC8B-1424-4A36-A53D-2B82D1C542D9}.Release|x86.Build.0 = Release|Win32
		{EC120AE1-543F-4D0D-A19C-2ED1A5A0FC00}.Debug|x64.ActiveCfg = Debug|x64
		{EC120AE1-543F-4D0D-A19C-2ED1A5A0FC00}.Debug|x64.Build.0 = Debug|x64
		{EC120AE1-543F-4D0D-A19C-2ED1A5A0FC00}.Debug|x86.ActiveCfg = Debug|Win32
		{EC120AE1-543F-4D0D-A19C-2ED1A5A0FC00}.Debug|x86.Build.0 = Debug|Win32
		{EC120AE1-543F-4D0D-A19C-2ED1A5A0FC00}.Release|x64.ActiveCfg = Release|x64
		{EC120AE1-543F-4D0D-A19C-2ED1A5A0FC00}.Release|x64.Build.0 = Release|x64
		{EC120AE1-543F-4D0D-A19C-2ED1A5A0FC00}.Release|x86.ActiveCfg = Release|Win32
		{EC120AE1-543F-4D0D-A19C-2ED1A5A0FC00}.Release|x86.Build.0 = Release|Win32
		{F24400A5-2579-41B9-A76F-E4AD8029351C}.Debug|x64.ActiveCfg = Debug|x64
		{F24400A5-2579-41B9-A76F-E4AD8029351C}.Debug|x64.Build.0 = Debug|x64
		{F24400A5-2579-41B9-A76F-E4AD8029351C}.Debug|x86.ActiveCfg = Debug|Win32
		{F24400A5-2579-41B9-A76F-E4AD8029351C}.Debug|x86.Build.0 = Debug|Win32
		{F24400A5-2579-41B9-A76F-E4AD8029351C}.Release|x64.ActiveCfg = Release|x64
		{F24400A5-2579-41B9-A76F-E4AD8029351C}.Release|x64.Build.0 = Release|x64
		{F24400A5-2579-41B9-A76F-E4AD8029351C}.Release|x86.ActiveCfg = Release|Win32
		{F24400A5-2579-41B9-A76F-E4AD8029351C}.Release|x86.Build.0 = Release|Win32
		{0891F6A6-6BFA-455B-8D0C-87E6BBFC72C6}.Debug|x64.ActiveCfg = Debug|x64
		{0891F6A6-6BFA-455B-8D0C-87E6BBFC72C6}.Debug|x64.Build.0 = Debug|x64
		{0891F6A6-6BFA-455B-8D0C-87E6BBFC72C6}.Debug|x86.ActiveCfg = Debug|Win32
		{0891F6A6-6BFA-455B-8D0C-87E6BBFC72C6}.Debug|x86.Build.0 = Debug|Win32
		{0891F6A6-6BFA-455B-8D0C-87E6BBFC72C6}.Release|x64.ActiveCfg = Release|x64
		{0891F6A6-6BFA-455B-8D0C-87E6BBFC72C6}.Release|x64.Build.0 = Release|x64
		{0891F6A6-6BFA-455B-8D0C-87E6BBFC72C6}.Release|x86.ActiveCfg = Release|Win32
		{0891F6A6-6BFA-455B-8D0C-87E6BBFC72C6}.Release|x86.Build.0 = Release|Win32
		{F4C62D1D-8060-4BB0-AE9D-5E98EFFA5023}.Debug|x64.ActiveCfg = Debug|x64
		{F4C62D1D-8060-4BB0-AE9D-5E98EFFA5023}.Debug|x64.Build.0 = Debug|x64
		{F4C62D1D-8060-4BB0-AE9D-5E98EFFA5023}.Debug|x86.ActiveCfg = Debug|Win32
		{F4C62D1D-8060-4BB0-AE9D-5E98EFFA5023}.Debug|x86.Build.0 = Debug|Win32
		{F4C62D1D-8060-4BB0-AE9D-5E98EFFA5023}.Release|x64.ActiveCfg = Release|x64
		{F4C62D1D-8060-4BB0-AE9D-5E98EFFA5023}.Release|x64.Build.0 = Release|x64
		{F4C62D1D-8060-4BB0-AE9D-5E98EFFA5023}.Release|x86.ActiveCfg = Release|Win32
		{F4C62D1D-8060-4BB0-AE9D-5E98EFFA5023}.Release|x86.Build.0 = Release|Win32
		{DEC7F1E2-8558-4B60-B918-F7E9839B368C}.Debug|x64.ActiveCfg = Debug|x64
		{DEC7F1E2-8558-4B60-B918-F7E9839B368C}.Debug|x64.Build.0 = Debug|x64
		{DEC7F1E2-8558-4B60-B918-F7E9839B368C}.Debug|x86.ActiveCfg = Debug|Win32
		{DEC7F1E2-8558-4B60-B918-F7E9839B368C}.Debug|x86.Build.0 = Debug|Win32
		{DEC7F1E2-8558-4B60-B918-F7E9839B368C}.Release|x64.ActiveCfg = Release|x64
		{DEC7F1E2-8558-4B60-B918-F7E9839B368C}.Release|x64.Build.0 = Release|x64
		{DEC7F1E2-8558-4B60-B918-F7E9839B368C}.Release|x86.ActiveCfg = Release|Win32
		{DEC7F1E2-8558-4B60-B918-F7E9839B368C}.Release|x86.Build.0 = Release|Win32
		{9760306F-CEF1-4876-8A6B-EAFF5C3576E6}.Debug|x64.ActiveCfg = Debug|x64
		{9760306F-CEF1-4876-8A6B-EAFF5C3576E6}.Debug|x64.Build.0 = Debug|x64
		{9760306F-CEF1-4876-8A6B-EAFF5C3576E6}.Debug|x86.ActiveCfg = Debug|Win32
		{9760306F-CEF1-4876-8A6B-EAFF5C3576E6}.Debug|x86.Build.0 = Debug|Win32
		{9760306F-CEF1-4876-8A6B-EAFF5C3576E6}.Release|x64.ActiveCfg = Release|x64
		{9760306F-CEF1-4876-8A6B-EAFF5C3576E6}.Release|x64.Build.0 = Release|x64
		{9760306F-CEF1-4876-8A6B-EAFF5C3576E6}.Release|x86.ActiveCfg = Release|Win32
		{9760306F-CEF1-4876-8A6B-EAFF5C3576E6}.Release|x86.Build.0 = Release|Win32
		{4E775A28-2D70-47E8-88C9-D25396860E4F}.Debug|x64.ActiveCfg = Debug|x64
		{4E775A28-2D70-47E8-88C9-D25396860E4F}.Debug|x64.Build.0 = Debug|x64
		{4E775A28-2D70-47E8-88C9-D25396860E4F}.Debug|x86.ActiveCfg = Debug|Win32
		{4E775A28-2D70-47E8-88C9-D25396860E4F}.Debug|x86.Build.0 = Debug|Win32
		{4E775A28-2D70-47E8-88C9-D25396860E4F}.Release|x64.ActiveCfg = Release|x64
		{4E775A28-2D70-47E8-88C9-D25396860E4F}.Release|x64.Build.0 = Release|x64
		{4E775A28-2D70-47E8-88C9-D25396860E4F}.Release|x86.ActiveCfg = Release|Win32
		{4E775A28-2D70-47E8-88C9-D25396860E4F}.Release|x86.Build.0 = Release|Win32
		{B8427420-640E-4D0F-A821-178D0BF9A432}.Debug|x64.ActiveCfg = Debug|x64
		{B8427420-640E-4D0F-A821-178D0BF9A432}.Debug|x64.Build.0 = Debug|x64
		{B8427420-640E-4D0F-A821-178D0BF9A432}.Debug|x86.ActiveCfg = Debug|Win32
		{B8427420-640E-4D0F-A821-178D0BF9A432}.Debug|x86.Build.0 = Debug|Win32
		{B8427420-640E-4D0F-A821-178D0BF9A432}.Release|x64.ActiveCfg = Release|x64
		{B8427420-640E-4D0F-A821-178D0BF9A432}.Release|x64.Build.0 = Release|x64
		{B8427420-640E-4D0F-A821-178D0BF9A432}.Release|x86.ActiveCfg = Release|Win32
		{B8427420-640E-4D0F-A821-178D0BF9A432}.Release|x86.Build.0 = Release|Win32
		{53C0308C-8FCF-4891-ACE2-72E44A2C41BA}.Debug|x64.ActiveCfg = Debug|x64
		{53C0308C-8FCF-4891-ACE2-72E44A2C41BA}.Debug|x64.Build.0 = Debug|x64
		{53C0308C-8FCF-4891-ACE2-72E44A2C41BA}.Debug|x86.ActiveCfg = Debug|Win32
		{53C0308C-8FCF-4891-ACE2-72E44A2C41BA}.Debug|x86.Build.0 = Debug|Win32
		{53C0308C-8FCF-4891-ACE2-72E44A2C41BA}.Release|x64.ActiveCfg = Release|x64
		{53C0308C-8FCF-4891-ACE2-72E44A2C41BA}.Release|x64.Build.0 = Release|x64
		{53C0308C-8FCF-4891-ACE2-72E44A2C41BA}.Release|x86.ActiveCfg = Release|Win32
		{53C0308C-8FCF-4891-ACE2-72E44A2C41BA}.Release|x86.Build.0 = Release|Win32
		{845C8463-F2B7-4E1C-AE6A-35113F81EDFD}.Debug|x64.ActiveCfg = Debug|x64
		{845C8463-F2B7-4E1C-AE6A-35113F81EDFD}.Debug|x64.Build.0 = Debug|x64
		{845C8463-F2B7-4E1C-AE6A-35113F81EDFD}.Debug|x86.ActiveCfg = Debug|Win32
		{845C8463-F2B7-4E1C-AE6A-35113F81EDFD}.Debug|x86.Build.0 = Debug|Win32
		{845C8463-F2B7-4E1C-AE6A-35113F81EDFD}.Release|x64.ActiveCfg = Release|x64
		{845C8463-F2B7-4E1C-AE6A-35113F81EDFD}.Release|x64.Build.0 = Release|x64
		{845C8463-F2B7-4E1C-AE6A-35113F81EDFD}.Release|x86.ActiveCfg = Release|Win32
		{845C8463-F2B7-4E1C-AE6A-35113F81EDFD}.Release|x86.Build.0 = Release|Win32
	EndGlobalSection
	GlobalSection(SolutionProperties) = preSolution
		HideSolutionNode = FALSE
	EndGlobalSection
	GlobalSection(ExtensibilityGlobals) = postSolution
		SolutionGuid = {DC141F6B-5465-4EAB-893E-397366FDAD0D}
	EndGlobalSection
EndGlobal
